// !$*UTF8*$!
{
	archiveVersion = 1;
	classes = {
	};
	objectVersion = 46;
	objects = {

/* Begin PBXBuildFile section */
		ABA51C7F1DAC9B0C009F209C /* AppDelegate.swift in Sources */ = {isa = PBXBuildFile; fileRef = ABA51C7E1DAC9B0C009F209C /* AppDelegate.swift */; };
		ABA51C811DAC9B0C009F209C /* ViewController.swift in Sources */ = {isa = PBXBuildFile; fileRef = ABA51C801DAC9B0C009F209C /* ViewController.swift */; };
		ABA51C841DAC9B0C009F209C /* Main.storyboard in Resources */ = {isa = PBXBuildFile; fileRef = ABA51C821DAC9B0C009F209C /* Main.storyboard */; };
		ABA51C861DAC9B0C009F209C /* Assets.xcassets in Resources */ = {isa = PBXBuildFile; fileRef = ABA51C851DAC9B0C009F209C /* Assets.xcassets */; };
		ABA51C891DAC9B0C009F209C /* LaunchScreen.storyboard in Resources */ = {isa = PBXBuildFile; fileRef = ABA51C871DAC9B0C009F209C /* LaunchScreen.storyboard */; };
/* End PBXBuildFile section */

/* Begin PBXFileReference section */
		ABA51C7B1DAC9B0C009F209C /* AMLoginSingup.app */ = {isa = PBXFileReference; explicitFileType = wrapper.application; includeInIndex = 0; path = AMLoginSingup.app; sourceTree = BUILT_PRODUCTS_DIR; };
		ABA51C7E1DAC9B0C009F209C /* AppDelegate.swift */ = {isa = PBXFileReference; lastKnownFileType = sourcecode.swift; path = AppDelegate.swift; sourceTree = "<group>"; };
		ABA51C801DAC9B0C009F209C /* ViewController.swift */ = {isa = PBXFileReference; lastKnownFileType = sourcecode.swift; path = ViewController.swift; sourceTree = "<group>"; };
		ABA51C831DAC9B0C009F209C /* Base */ = {isa = PBXFileReference; lastKnownFileType = file.storyboard; name = Base; path = Base.lproj/Main.storyboard; sourceTree = "<group>"; };
		ABA51C851DAC9B0C009F209C /* Assets.xcassets */ = {isa = PBXFileReference; lastKnownFileType = folder.assetcatalog; path = Assets.xcassets; sourceTree = "<group>"; };
		ABA51C881DAC9B0C009F209C /* Base */ = {isa = PBXFileReference; lastKnownFileType = file.storyboard; name = Base; path = Base.lproj/LaunchScreen.storyboard; sourceTree = "<group>"; };
		ABA51C8A1DAC9B0C009F209C /* Info.plist */ = {isa = PBXFileReference; lastKnownFileType = text.plist.xml; path = Info.plist; sourceTree = "<group>"; };
/* End PBXFileReference section */

/* Begin PBXFrameworksBuildPhase section */
		ABA51C781DAC9B0C009F209C /* Frameworks */ = {
			isa = PBXFrameworksBuildPhase;
			buildActionMask = 2147483647;
			files = (
			);
			runOnlyForDeploymentPostprocessing = 0;
		};
/* End PBXFrameworksBuildPhase section */

/* Begin PBXGroup section */
		ABA51C721DAC9B0C009F209C = {
			isa = PBXGroup;
			children = (
				ABA51C7D1DAC9B0C009F209C /* AMLoginSingup */,
				ABA51C7C1DAC9B0C009F209C /* Products */,
			);
			sourceTree = "<group>";
		};
		ABA51C7C1DAC9B0C009F209C /* Products */ = {
			isa = PBXGroup;
			children = (
				ABA51C7B1DAC9B0C009F209C /* AMLoginSingup.app */,
			);
			name = Products;
			sourceTree = "<group>";
		};
		ABA51C7D1DAC9B0C009F209C /* AMLoginSingup */ = {
			isa = PBXGroup;
			children = (
				ABA51C7E1DAC9B0C009F209C /* AppDelegate.swift */,
				ABA51C801DAC9B0C009F209C /* ViewController.swift */,
				ABA51C821DAC9B0C009F209C /* Main.storyboard */,
				ABA51C851DAC9B0C009F209C /* Assets.xcassets */,
				ABA51C871DAC9B0C009F209C /* LaunchScreen.storyboard */,
				ABA51C8A1DAC9B0C009F209C /* Info.plist */,
			);
			path = AMLoginSingup;
			sourceTree = "<group>";
		};
/* End PBXGroup section */

/* Begin PBXNativeTarget section */
		ABA51C7A1DAC9B0C009F209C /* AMLoginSingup */ = {
			isa = PBXNativeTarget;
			buildConfigurationList = ABA51C8D1DAC9B0C009F209C /* Build configuration list for PBXNativeTarget "AMLoginSingup" */;
			buildPhases = (
				ABA51C771DAC9B0C009F209C /* Sources */,
				ABA51C781DAC9B0C009F209C /* Frameworks */,
				ABA51C791DAC9B0C009F209C /* Resources */,
			);
			buildRules = (
			);
			dependencies = (
			);
			name = AMLoginSingup;
			productName = AMLoginSingup;
			productReference = ABA51C7B1DAC9B0C009F209C /* AMLoginSingup.app */;
			productType = "com.apple.product-type.application";
		};
/* End PBXNativeTarget section */

/* Begin PBXProject section */
		ABA51C731DAC9B0C009F209C /* Project object */ = {
			isa = PBXProject;
			attributes = {
				LastSwiftUpdateCheck = 0800;
				LastUpgradeCheck = 0800;
				ORGANIZATIONNAME = amirs.eu;
				TargetAttributes = {
					ABA51C7A1DAC9B0C009F209C = {
						CreatedOnToolsVersion = 8.0;
						ProvisioningStyle = Automatic;
					};
				};
			};
			buildConfigurationList = ABA51C761DAC9B0C009F209C /* Build configuration list for PBXProject "AMLoginSingup" */;
			compatibilityVersion = "Xcode 3.2";
			developmentRegion = English;
			hasScannedForEncodings = 0;
			knownRegions = (
				en,
				Base,
			);
			mainGroup = ABA51C721DAC9B0C009F209C;
			productRefGroup = ABA51C7C1DAC9B0C009F209C /* Products */;
			projectDirPath = "";
			projectRoot = "";
			targets = (
				ABA51C7A1DAC9B0C009F209C /* AMLoginSingup */,
			);
		};
/* End PBXProject section */

/* Begin PBXResourcesBuildPhase section */
		ABA51C791DAC9B0C009F209C /* Resources */ = {
			isa = PBXResourcesBuildPhase;
			buildActionMask = 2147483647;
			files = (
				ABA51C891DAC9B0C009F209C /* LaunchScreen.storyboard in Resources */,
				ABA51C861DAC9B0C009F209C /* Assets.xcassets in Resources */,
				ABA51C841DAC9B0C009F209C /* Main.storyboard in Resources */,
			);
			runOnlyForDeploymentPostprocessing = 0;
		};
/* End PBXResourcesBuildPhase section */

/* Begin PBXSourcesBuildPhase section */
		ABA51C771DAC9B0C009F209C /* Sources */ = {
			isa = PBXSourcesBuildPhase;
			buildActionMask = 2147483647;
			files = (
				ABA51C811DAC9B0C009F209C /* ViewController.swift in Sources */,
				ABA51C7F1DAC9B0C009F209C /* AppDelegate.swift in Sources */,
			);
			runOnlyForDeploymentPostprocessing = 0;
		};
/* End PBXSourcesBuildPhase section */

/* Begin PBXVariantGroup section */
		ABA51C821DAC9B0C009F209C /* Main.storyboard */ = {
			isa = PBXVariantGroup;
			children = (
				ABA51C831DAC9B0C009F209C /* Base */,
			);
			name = Main.storyboard;
			sourceTree = "<group>";
		};
		ABA51C871DAC9B0C009F209C /* LaunchScreen.storyboard */ = {
			isa = PBXVariantGroup;
			children = (
				ABA51C881DAC9B0C009F209C /* Base */,
			);
			name = LaunchScreen.storyboard;
			sourceTree = "<group>";
		};
/* End PBXVariantGroup section */

/* Begin XCBuildConfiguration section */
		ABA51C8B1DAC9B0C009F209C /* Debug */ = {
			isa = XCBuildConfiguration;
			buildSettings = {
				ALWAYS_SEARCH_USER_PATHS = NO;
				CLANG_ANALYZER_NONNULL = YES;
				CLANG_CXX_LANGUAGE_STANDARD = "gnu++0x";
				CLANG_CXX_LIBRARY = "libc++";
				CLANG_ENABLE_MODULES = YES;
				CLANG_ENABLE_OBJC_ARC = YES;
				CLANG_WARN_BOOL_CONVERSION = YES;
				CLANG_WARN_CONSTANT_CONVERSION = YES;
				CLANG_WARN_DIRECT_OBJC_ISA_USAGE = YES_ERROR;
				CLANG_WARN_DOCUMENTATION_COMMENTS = YES;
				CLANG_WARN_EMPTY_BODY = YES;
				CLANG_WARN_ENUM_CONVERSION = YES;
				CLANG_WARN_INFINITE_RECURSION = YES;
				CLANG_WARN_INT_CONVERSION = YES;
				CLANG_WARN_OBJC_ROOT_CLASS = YES_ERROR;
				CLANG_WARN_SUSPICIOUS_MOVES = YES;
				CLANG_WARN_UNREACHABLE_CODE = YES;
				CLANG_WARN__DUPLICATE_METHOD_MATCH = YES;
				"CODE_SIGN_IDENTITY[sdk=iphoneos*]" = "iPhone Developer";
				COPY_PHASE_STRIP = NO;
				DEBUG_INFORMATION_FORMAT = dwarf;
				ENABLE_STRICT_OBJC_MSGSEND = YES;
				ENABLE_TESTABILITY = YES;
				GCC_C_LANGUAGE_STANDARD = gnu99;
				GCC_DYNAMIC_NO_PIC = NO;
				GCC_NO_COMMON_BLOCKS = YES;
				GCC_OPTIMIZATION_LEVEL = 0;
				GCC_PREPROCESSOR_DEFINITIONS = (
					"DEBUG=1",
					"$(inherited)",
				);
				GCC_WARN_64_TO_32_BIT_CONVERSION = YES;
				GCC_WARN_ABOUT_RETURN_TYPE = YES_ERROR;
				GCC_WARN_UNDECLARED_SELECTOR = YES;
				GCC_WARN_UNINITIALIZED_AUTOS = YES_AGGRESSIVE;
				GCC_WARN_UNUSED_FUNCTION = YES;
				GCC_WARN_UNUSED_VARIABLE = YES;
				IPHONEOS_DEPLOYMENT_TARGET = 10.0;
				MTL_ENABLE_DEBUG_INFO = YES;
				ONLY_ACTIVE_ARCH = YES;
				SDKROOT = iphoneos;
				SWIFT_ACTIVE_COMPILATION_CONDITIONS = DEBUG;
				SWIFT_OPTIMIZATION_LEVEL = "-Onone";
			};
			name = Debug;
		};
		ABA51C8C1DAC9B0C009F209C /* Release */ = {
			isa = XCBuildConfiguration;
			buildSettings = {
				ALWAYS_SEARCH_USER_PATHS = NO;
				CLANG_ANALYZER_NONNULL = YES;
				CLANG_CXX_LANGUAGE_STANDARD = "gnu++0x";
				CLANG_CXX_LIBRARY = "libc++";
				CLANG_ENABLE_MODULES = YES;
				CLANG_ENABLE_OBJC_ARC = YES;
				CLANG_WARN_BOOL_CONVERSION = YES;
				CLANG_WARN_CONSTANT_CONVERSION = YES;
				CLANG_WARN_DIRECT_OBJC_ISA_USAGE = YES_ERROR;
				CLANG_WARN_DOCUMENTATION_COMMENTS = YES;
				CLANG_WARN_EMPTY_BODY = YES;
				CLANG_WARN_ENUM_CONVERSION = YES;
				CLANG_WARN_INFINITE_RECURSION = YES;
				CLANG_WARN_INT_CONVERSION = YES;
				CLANG_WARN_OBJC_ROOT_CLASS = YES_ERROR;
				CLANG_WARN_SUSPICIOUS_MOVES = YES;
				CLANG_WARN_UNREACHABLE_CODE = YES;
				CLANG_WARN__DUPLICATE_METHOD_MATCH = YES;
				"CODE_SIGN_IDENTITY[sdk=iphoneos*]" = "iPhone Developer";
				COPY_PHASE_STRIP = NO;
				DEBUG_INFORMATION_FORMAT = "dwarf-with-dsym";
				ENABLE_NS_ASSERTIONS = NO;
				ENABLE_STRICT_OBJC_MSGSEND = YES;
				GCC_C_LANGUAGE_STANDARD = gnu99;
				GCC_NO_COMMON_BLOCKS = YES;
				GCC_WARN_64_TO_32_BIT_CONVERSION = YES;
				GCC_WARN_ABOUT_RETURN_TYPE = YES_ERROR;
				GCC_WARN_UNDECLARED_SELECTOR = YES;
				GCC_WARN_UNINITIALIZED_AUTOS = YES_AGGRESSIVE;
				GCC_WARN_UNUSED_FUNCTION = YES;
				GCC_WARN_UNUSED_VARIABLE = YES;
				IPHONEOS_DEPLOYMENT_TARGET = 10.0;
				MTL_ENABLE_DEBUG_INFO = NO;
				SDKROOT = iphoneos;
				SWIFT_OPTIMIZATION_LEVEL = "-Owholemodule";
				VALIDATE_PRODUCT = YES;
			};
			name = Release;
		};
		ABA51C8E1DAC9B0C009F209C /* Debug */ = {
			isa = XCBuildConfiguration;
			buildSettings = {
				ASSETCATALOG_COMPILER_APPICON_NAME = AppIcon;
				INFOPLIST_FILE = AMLoginSingup/Info.plist;
				LD_RUNPATH_SEARCH_PATHS = "$(inherited) @executable_path/Frameworks";
				PRODUCT_BUNDLE_IDENTIFIER = eu.amirs.AMLoginSingup;
				PRODUCT_NAME = "$(TARGET_NAME)";
				SWIFT_VERSION = 3.0;
			};
			name = Debug;
		};
		ABA51C8F1DAC9B0C009F209C /* Release */ = {
			isa = XCBuildConfiguration;
			buildSettings = {
				ASSETCATALOG_COMPILER_APPICON_NAME = AppIcon;
				INFOPLIST_FILE = AMLoginSingup/Info.plist;
				LD_RUNPATH_SEARCH_PATHS = "$(inherited) @executable_path/Frameworks";
				PRODUCT_BUNDLE_IDENTIFIER = eu.amirs.AMLoginSingup;
				PRODUCT_NAME = "$(TARGET_NAME)";
				SWIFT_VERSION = 3.0;
			};
			name = Release;
		};
/* End XCBuildConfiguration section */

/* Begin XCConfigurationList section */
		ABA51C761DAC9B0C009F209C /* Build configuration list for PBXProject "AMLoginSingup" */ = {
			isa = XCConfigurationList;
			buildConfigurations = (
				ABA51C8B1DAC9B0C009F209C /* Debug */,
				ABA51C8C1DAC9B0C009F209C /* Release */,
			);
			defaultConfigurationIsVisible = 0;
			defaultConfigurationName = Release;
		};
		ABA51C8D1DAC9B0C009F209C /* Build configuration list for PBXNativeTarget "AMLoginSingup" */ = {
			isa = XCConfigurationList;
			buildConfigurations = (
				ABA51C8E1DAC9B0C009F209C /* Debug */,
				ABA51C8F1DAC9B0C009F209C /* Release */,
			);
			defaultConfigurationIsVisible = 0;
		};
/* End XCConfigurationList section */
	};
	rootObject = ABA51C731DAC9B0C009F209C /* Project object */;
}
